# spool lockfile v1
# This file is generated by spool. Do not edit packages by hand.
# [hooks] allow_include is the consumer allowlist for include-hooks.
# [scripts] stores current-project lifecycle path/hash (not a [[package]] row).

[[package]]
name = 'json'
git = 'https://github.com/ardax-corp/coil-json.git'
tag = ''
ref = '50d521698a1dd0bb6ec604a5cd24238c737f4f14'
rev = '50d521698a1dd0bb6ec604a5cd24238c737f4f14'
content_hash = 'db65fbed32fae14b52fc985414f87775c59f6bb8'

[[package]]
name = 'toml'
git = 'https://github.com/ardax-corp/coil-toml.git'
tag = ''
ref = '3e0da9d38f0fb0d090f56869e2547fa2bebd8453'
rev = '3e0da9d38f0fb0d090f56869e2547fa2bebd8453'
content_hash = 'e2495441f7b2ceaec72e52719fa32cfdddb28938'

